// !$*UTF8*$!
{
	archiveVersion = 1;
	classes = {
	};
	objectVersion = 56;
	objects = {

/* Begin PBXBuildFile section */
		9FB19FEA29A3C82A00E63893 /* AppDelegate.swift in Sources */ = {isa = PBXBuildFile; fileRef = 9FB19FE929A3C82A00E63893 /* AppDelegate.swift */; };
		9FB19FEC29A3C82A00E63893 /* SceneDelegate.swift in Sources */ = {isa = PBXBuildFile; fileRef = 9FB19FEB29A3C82A00E63893 /* SceneDelegate.swift */; };
		9FB19FEE29A3C82A00E63893 /* WeatherAppViewController.swift in Sources */ = {isa = PBXBuildFile; fileRef = 9FB19FED29A3C82A00E63893 /* WeatherAppViewController.swift */; };
		9FB19FF329A3C82C00E63893 /* Assets.xcassets in Resources */ = {isa = PBXBuildFile; fileRef = 9FB19FF229A3C82C00E63893 /* Assets.xcassets */; };
		9FB19FF629A3C82C00E63893 /* LaunchScreen.storyboard in Resources */ = {isa = PBXBuildFile; fileRef = 9FB19FF429A3C82C00E63893 /* LaunchScreen.storyboard */; };
		9FB19FFF29A3C85300E63893 /* Main.storyboard in Resources */ = {isa = PBXBuildFile; fileRef = 9FB19FFD29A3C85300E63893 /* Main.storyboard */; };
		9FB1A00429A3C8BC00E63893 /* DailyWeatherModal.swift in Sources */ = {isa = PBXBuildFile; fileRef = 9FB1A00329A3C8BC00E63893 /* DailyWeatherModal.swift */; };
		9FB1A00629A3C8D400E63893 /* HourlyWeatherModal.swift in Sources */ = {isa = PBXBuildFile; fileRef = 9FB1A00529A3C8D400E63893 /* HourlyWeatherModal.swift */; };
		9FB1A00829A3C8E300E63893 /* WeatherModal.swift in Sources */ = {isa = PBXBuildFile; fileRef = 9FB1A00729A3C8E300E63893 /* WeatherModal.swift */; };
		9FB1A00A29A3C8EF00E63893 /* WeatherData.swift in Sources */ = {isa = PBXBuildFile; fileRef = 9FB1A00929A3C8EF00E63893 /* WeatherData.swift */; };
		9FB1A00C29A3C8FE00E63893 /* WeatherManager.swift in Sources */ = {isa = PBXBuildFile; fileRef = 9FB1A00B29A3C8FE00E63893 /* WeatherManager.swift */; };
		9FB1A01029A3C99C00E63893 /* Kingfisher in Frameworks */ = {isa = PBXBuildFile; productRef = 9FB1A00F29A3C99C00E63893 /* Kingfisher */; };
		9FB1A01229A3CA1500E63893 /* DailyCollectionViewCell.swift in Sources */ = {isa = PBXBuildFile; fileRef = 9FB1A01129A3CA1500E63893 /* DailyCollectionViewCell.swift */; };
		9FB1A01429A3CA2200E63893 /* HourlyCollectionViewCell.swift in Sources */ = {isa = PBXBuildFile; fileRef = 9FB1A01329A3CA2200E63893 /* HourlyCollectionViewCell.swift */; };
/* End PBXBuildFile section */

/* Begin PBXFileReference section */
		9FB19FE629A3C82A00E63893 /* Weather App.app */ = {isa = PBXFileReference; explicitFileType = wrapper.application; includeInIndex = 0; path = "Weather App.app"; sourceTree = BUILT_PRODUCTS_DIR; };
		9FB19FE929A3C82A00E63893 /* AppDelegate.swift */ = {isa = PBXFileReference; lastKnownFileType = sourcecode.swift; path = AppDelegate.swift; sourceTree = "<group>"; };
		9FB19FEB29A3C82A00E63893 /* SceneDelegate.swift */ = {isa = PBXFileReference; lastKnownFileType = sourcecode.swift; path = SceneDelegate.swift; sourceTree = "<group>"; };
		9FB19FED29A3C82A00E63893 /* WeatherAppViewController.swift */ = {isa = PBXFileReference; lastKnownFileType = sourcecode.swift; path = WeatherAppViewController.swift; sourceTree = "<group>"; };
		9FB19FF229A3C82C00E63893 /* Assets.xcassets */ = {isa = PBXFileReference; lastKnownFileType = folder.assetcatalog; path = Assets.xcassets; sourceTree = "<group>"; };
		9FB19FF529A3C82C00E63893 /* Base */ = {isa = PBXFileReference; lastKnownFileType = file.storyboard; name = Base; path = Base.lproj/LaunchScreen.storyboard; sourceTree = "<group>"; };
		9FB19FF729A3C82C00E63893 /* Info.plist */ = {isa = PBXFileReference; lastKnownFileType = text.plist.xml; path = Info.plist; sourceTree = "<group>"; };
		9FB19FFE29A3C85300E63893 /* Base */ = {isa = PBXFileReference; lastKnownFileType = file.storyboard; name = Base; path = "../../Weather Application/Weather Application/View/Base.lproj/Main.storyboard"; sourceTree = "<group>"; };
		9FB1A00329A3C8BC00E63893 /* DailyWeatherModal.swift */ = {isa = PBXFileReference; lastKnownFileType = sourcecode.swift; path = DailyWeatherModal.swift; sourceTree = "<group>"; };
		9FB1A00529A3C8D400E63893 /* HourlyWeatherModal.swift */ = {isa = PBXFileReference; lastKnownFileType = sourcecode.swift; path = HourlyWeatherModal.swift; sourceTree = "<group>"; };
		9FB1A00729A3C8E300E63893 /* WeatherModal.swift */ = {isa = PBXFileReference; lastKnownFileType = sourcecode.swift; path = WeatherModal.swift; sourceTree = "<group>"; };
		9FB1A00929A3C8EF00E63893 /* WeatherData.swift */ = {isa = PBXFileReference; lastKnownFileType = sourcecode.swift; path = WeatherData.swift; sourceTree = "<group>"; };
		9FB1A00B29A3C8FE00E63893 /* WeatherManager.swift */ = {isa = PBXFileReference; lastKnownFileType = sourcecode.swift; path = WeatherManager.swift; sourceTree = "<group>"; };
		9FB1A01129A3CA1500E63893 /* DailyCollectionViewCell.swift */ = {isa = PBXFileReference; lastKnownFileType = sourcecode.swift; path = DailyCollectionViewCell.swift; sourceTree = "<group>"; };
		9FB1A01329A3CA2200E63893 /* HourlyCollectionViewCell.swift */ = {isa = PBXFileReference; lastKnownFileType = sourcecode.swift; path = HourlyCollectionViewCell.swift; sourceTree = "<group>"; };
/* End PBXFileReference section */

/* Begin PBXFrameworksBuildPhase section */
		9FB19FE329A3C82A00E63893 /* Frameworks */ = {
			isa = PBXFrameworksBuildPhase;
			buildActionMask = 2147483647;
			files = (
				9FB1A01029A3C99C00E63893 /* Kingfisher in Frameworks */,
			);
			runOnlyForDeploymentPostprocessing = 0;
		};
/* End PBXFrameworksBuildPhase section */

/* Begin PBXGroup section */
		9FB19FDD29A3C82A00E63893 = {
			isa = PBXGroup;
			children = (
				9FB19FE829A3C82A00E63893 /* Weather App */,
				9FB19FE729A3C82A00E63893 /* Products */,
			);
			sourceTree = "<group>";
		};
		9FB19FE729A3C82A00E63893 /* Products */ = {
			isa = PBXGroup;
			children = (
				9FB19FE629A3C82A00E63893 /* Weather App.app */,
			);
			name = Products;
			sourceTree = "<group>";
		};
		9FB19FE829A3C82A00E63893 /* Weather App */ = {
			isa = PBXGroup;
			children = (
				9FB1A00229A3C8A000E63893 /* Controller */,
				9FB1A00129A3C89A00E63893 /* View */,
				9FB1A00029A3C89300E63893 /* Modal */,
				9FB19FE929A3C82A00E63893 /* AppDelegate.swift */,
				9FB19FEB29A3C82A00E63893 /* SceneDelegate.swift */,
				9FB19FF229A3C82C00E63893 /* Assets.xcassets */,
				9FB19FF729A3C82C00E63893 /* Info.plist */,
			);
			path = "Weather App";
			sourceTree = "<group>";
		};
		9FB1A00029A3C89300E63893 /* Modal */ = {
			isa = PBXGroup;
			children = (
				9FB1A00D29A3C90E00E63893 /* Cells */,
				9FB1A00329A3C8BC00E63893 /* DailyWeatherModal.swift */,
				9FB1A00529A3C8D400E63893 /* HourlyWeatherModal.swift */,
				9FB1A00729A3C8E300E63893 /* WeatherModal.swift */,
				9FB1A00929A3C8EF00E63893 /* WeatherData.swift */,
				9FB1A00B29A3C8FE00E63893 /* WeatherManager.swift */,
			);
			path = Modal;
			sourceTree = "<group>";
		};
		9FB1A00129A3C89A00E63893 /* View */ = {
			isa = PBXGroup;
			children = (
				9FB19FF429A3C82C00E63893 /* LaunchScreen.storyboard */,
				9FB19FFD29A3C85300E63893 /* Main.storyboard */,
			);
			path = View;
			sourceTree = "<group>";
		};
		9FB1A00229A3C8A000E63893 /* Controller */ = {
			isa = PBXGroup;
			children = (
				9FB19FED29A3C82A00E63893 /* WeatherAppViewController.swift */,
			);
			path = Controller;
			sourceTree = "<group>";
		};
		9FB1A00D29A3C90E00E63893 /* Cells */ = {
			isa = PBXGroup;
			children = (
				9FB1A01129A3CA1500E63893 /* DailyCollectionViewCell.swift */,
				9FB1A01329A3CA2200E63893 /* HourlyCollectionViewCell.swift */,
			);
			path = Cells;
			sourceTree = "<group>";
		};
/* End PBXGroup section */

/* Begin PBXNativeTarget section */
		9FB19FE529A3C82A00E63893 /* Weather App */ = {
			isa = PBXNativeTarget;
			buildConfigurationList = 9FB19FFA29A3C82C00E63893 /* Build configuration list for PBXNativeTarget "Weather App" */;
			buildPhases = (
				9FB19FE229A3C82A00E63893 /* Sources */,
				9FB19FE329A3C82A00E63893 /* Frameworks */,
				9FB19FE429A3C82A00E63893 /* Resources */,
			);
			buildRules = (
			);
			dependencies = (
			);
			name = "Weather App";
			packageProductDependencies = (
				9FB1A00F29A3C99C00E63893 /* Kingfisher */,
			);
			productName = "Weather App";
			productReference = 9FB19FE629A3C82A00E63893 /* Weather App.app */;
			productType = "com.apple.product-type.application";
		};
/* End PBXNativeTarget section */

/* Begin PBXProject section */
		9FB19FDE29A3C82A00E63893 /* Project object */ = {
			isa = PBXProject;
			attributes = {
				BuildIndependentTargetsInParallel = 1;
				LastSwiftUpdateCheck = 1420;
				LastUpgradeCheck = 1420;
				TargetAttributes = {
					9FB19FE529A3C82A00E63893 = {
						CreatedOnToolsVersion = 14.2;
					};
				};
			};
			buildConfigurationList = 9FB19FE129A3C82A00E63893 /* Build configuration list for PBXProject "Weather App" */;
			compatibilityVersion = "Xcode 14.0";
			developmentRegion = en;
			hasScannedForEncodings = 0;
			knownRegions = (
				en,
				Base,
			);
			mainGroup = 9FB19FDD29A3C82A00E63893;
			packageReferences = (
				9FB1A00E29A3C99C00E63893 /* XCRemoteSwiftPackageReference "Kingfisher" */,
			);
			productRefGroup = 9FB19FE729A3C82A00E63893 /* Products */;
			projectDirPath = "";
			projectRoot = "";
			targets = (
				9FB19FE529A3C82A00E63893 /* Weather App */,
			);
		};
/* End PBXProject section */

/* Begin PBXResourcesBuildPhase section */
		9FB19FE429A3C82A00E63893 /* Resources */ = {
			isa = PBXResourcesBuildPhase;
			buildActionMask = 2147483647;
			files = (
				9FB19FFF29A3C85300E63893 /* Main.storyboard in Resources */,
				9FB19FF629A3C82C00E63893 /* LaunchScreen.storyboard in Resources */,
				9FB19FF329A3C82C00E63893 /* Assets.xcassets in Resources */,
			);
			runOnlyForDeploymentPostprocessing = 0;
		};
/* End PBXResourcesBuildPhase section */

/* Begin PBXSourcesBuildPhase section */
		9FB19FE229A3C82A00E63893 /* Sources */ = {
			isa = PBXSourcesBuildPhase;
			buildActionMask = 2147483647;
			files = (
				9FB1A00829A3C8E300E63893 /* WeatherModal.swift in Sources */,
				9FB19FEE29A3C82A00E63893 /* WeatherAppViewController.swift in Sources */,
				9FB1A00C29A3C8FE00E63893 /* WeatherManager.swift in Sources */,
				9FB1A00A29A3C8EF00E63893 /* WeatherData.swift in Sources */,
				9FB19FEA29A3C82A00E63893 /* AppDelegate.swift in Sources */,
				9FB1A00429A3C8BC00E63893 /* DailyWeatherModal.swift in Sources */,
				9FB1A01229A3CA1500E63893 /* DailyCollectionViewCell.swift in Sources */,
				9FB19FEC29A3C82A00E63893 /* SceneDelegate.swift in Sources */,
				9FB1A00629A3C8D400E63893 /* HourlyWeatherModal.swift in Sources */,
				9FB1A01429A3CA2200E63893 /* HourlyCollectionViewCell.swift in Sources */,
			);
			runOnlyForDeploymentPostprocessing = 0;
		};
/* End PBXSourcesBuildPhase section */

/* Begin PBXVariantGroup section */
		9FB19FF429A3C82C00E63893 /* LaunchScreen.storyboard */ = {
			isa = PBXVariantGroup;
			children = (
				9FB19FF529A3C82C00E63893 /* Base */,
			);
			name = LaunchScreen.storyboard;
			sourceTree = "<group>";
		};
		9FB19FFD29A3C85300E63893 /* Main.storyboard */ = {
			isa = PBXVariantGroup;
			children = (
				9FB19FFE29A3C85300E63893 /* Base */,
			);
			name = Main.storyboard;
			sourceTree = "<group>";
		};
/* End PBXVariantGroup section */

/* Begin XCBuildConfiguration section */
		9FB19FF829A3C82C00E63893 /* Debug */ = {
			isa = XCBuildConfiguration;
			buildSettings = {
				ALWAYS_SEARCH_USER_PATHS = NO;
				CLANG_ANALYZER_NONNULL = YES;
				CLANG_ANALYZER_NUMBER_OBJECT_CONVERSION = YES_AGGRESSIVE;
				CLANG_CXX_LANGUAGE_STANDARD = "gnu++20";
				CLANG_ENABLE_MODULES = YES;
				CLANG_ENABLE_OBJC_ARC = YES;
				CLANG_ENABLE_OBJC_WEAK = YES;
				CLANG_WARN_BLOCK_CAPTURE_AUTORELEASING = YES;
				CLANG_WARN_BOOL_CONVERSION = YES;
				CLANG_WARN_COMMA = YES;
				CLANG_WARN_CONSTANT_CONVERSION = YES;
				CLANG_WARN_DEPRECATED_OBJC_IMPLEMENTATIONS = YES;
				CLANG_WARN_DIRECT_OBJC_ISA_USAGE = YES_ERROR;
				CLANG_WARN_DOCUMENTATION_COMMENTS = YES;
				CLANG_WARN_EMPTY_BODY = YES;
				CLANG_WARN_ENUM_CONVERSION = YES;
				CLANG_WARN_INFINITE_RECURSION = YES;
				CLANG_WARN_INT_CONVERSION = YES;
				CLANG_WARN_NON_LITERAL_NULL_CONVERSION = YES;
				CLANG_WARN_OBJC_IMPLICIT_RETAIN_SELF = YES;
				CLANG_WARN_OBJC_LITERAL_CONVERSION = YES;
				CLANG_WARN_OBJC_ROOT_CLASS = YES_ERROR;
				CLANG_WARN_QUOTED_INCLUDE_IN_FRAMEWORK_HEADER = YES;
				CLANG_WARN_RANGE_LOOP_ANALYSIS = YES;
				CLANG_WARN_STRICT_PROTOTYPES = YES;
				CLANG_WARN_SUSPICIOUS_MOVE = YES;
				CLANG_WARN_UNGUARDED_AVAILABILITY = YES_AGGRESSIVE;
				CLANG_WARN_UNREACHABLE_CODE = YES;
				CLANG_WARN__DUPLICATE_METHOD_MATCH = YES;
				COPY_PHASE_STRIP = NO;
				DEBUG_INFORMATION_FORMAT = dwarf;
				ENABLE_STRICT_OBJC_MSGSEND = YES;
				ENABLE_TESTABILITY = YES;
				GCC_C_LANGUAGE_STANDARD = gnu11;
				GCC_DYNAMIC_NO_PIC = NO;
				GCC_NO_COMMON_BLOCKS = YES;
				GCC_OPTIMIZATION_LEVEL = 0;
				GCC_PREPROCESSOR_DEFINITIONS = (
					"DEBUG=1",
					"$(inherited)",
				);
				GCC_WARN_64_TO_32_BIT_CONVERSION = YES;
				GCC_WARN_ABOUT_RETURN_TYPE = YES_ERROR;
				GCC_WARN_UNDECLARED_SELECTOR = YES;
				GCC_WARN_UNINITIALIZED_AUTOS = YES_AGGRESSIVE;
				GCC_WARN_UNUSED_FUNCTION = YES;
				GCC_WARN_UNUSED_VARIABLE = YES;
				IPHONEOS_DEPLOYMENT_TARGET = 16.2;
				MTL_ENABLE_DEBUG_INFO = INCLUDE_SOURCE;
				MTL_FAST_MATH = YES;
				ONLY_ACTIVE_ARCH = YES;
				SDKROOT = iphoneos;
				SWIFT_ACTIVE_COMPILATION_CONDITIONS = DEBUG;
				SWIFT_OPTIMIZATION_LEVEL = "-Onone";
			};
			name = Debug;
		};
		9FB19FF929A3C82C00E63893 /* Release */ = {
			isa = XCBuildConfiguration;
			buildSettings = {
				ALWAYS_SEARCH_USER_PATHS = NO;
				CLANG_ANALYZER_NONNULL = YES;
				CLANG_ANALYZER_NUMBER_OBJECT_CONVERSION = YES_AGGRESSIVE;
				CLANG_CXX_LANGUAGE_STANDARD = "gnu++20";
				CLANG_ENABLE_MODULES = YES;
				CLANG_ENABLE_OBJC_ARC = YES;
				CLANG_ENABLE_OBJC_WEAK = YES;
				CLANG_WARN_BLOCK_CAPTURE_AUTORELEASING = YES;
				CLANG_WARN_BOOL_CONVERSION = YES;
				CLANG_WARN_COMMA = YES;
				CLANG_WARN_CONSTANT_CONVERSION = YES;
				CLANG_WARN_DEPRECATED_OBJC_IMPLEMENTATIONS = YES;
				CLANG_WARN_DIRECT_OBJC_ISA_USAGE = YES_ERROR;
				CLANG_WARN_DOCUMENTATION_COMMENTS = YES;
				CLANG_WARN_EMPTY_BODY = YES;
				CLANG_WARN_ENUM_CONVERSION = YES;
				CLANG_WARN_INFINITE_RECURSION = YES;
				CLANG_WARN_INT_CONVERSION = YES;
				CLANG_WARN_NON_LITERAL_NULL_CONVERSION = YES;
				CLANG_WARN_OBJC_IMPLICIT_RETAIN_SELF = YES;
				CLANG_WARN_OBJC_LITERAL_CONVERSION = YES;
				CLANG_WARN_OBJC_ROOT_CLASS = YES_ERROR;
				CLANG_WARN_QUOTED_INCLUDE_IN_FRAMEWORK_HEADER = YES;
				CLANG_WARN_RANGE_LOOP_ANALYSIS = YES;
				CLANG_WARN_STRICT_PROTOTYPES = YES;
				CLANG_WARN_SUSPICIOUS_MOVE = YES;
				CLANG_WARN_UNGUARDED_AVAILABILITY = YES_AGGRESSIVE;
				CLANG_WARN_UNREACHABLE_CODE = YES;
				CLANG_WARN__DUPLICATE_METHOD_MATCH = YES;
				COPY_PHASE_STRIP = NO;
				DEBUG_INFORMATION_FORMAT = "dwarf-with-dsym";
				ENABLE_NS_ASSERTIONS = NO;
				ENABLE_STRICT_OBJC_MSGSEND = YES;
				GCC_C_LANGUAGE_STANDARD = gnu11;
				GCC_NO_COMMON_BLOCKS = YES;
				GCC_WARN_64_TO_32_BIT_CONVERSION = YES;
				GCC_WARN_ABOUT_RETURN_TYPE = YES_ERROR;
				GCC_WARN_UNDECLARED_SELECTOR = YES;
				GCC_WARN_UNINITIALIZED_AUTOS = YES_AGGRESSIVE;
				GCC_WARN_UNUSED_FUNCTION = YES;
				GCC_WARN_UNUSED_VARIABLE = YES;
				IPHONEOS_DEPLOYMENT_TARGET = 16.2;
				MTL_ENABLE_DEBUG_INFO = NO;
				MTL_FAST_MATH = YES;
				SDKROOT = iphoneos;
				SWIFT_COMPILATION_MODE = wholemodule;
				SWIFT_OPTIMIZATION_LEVEL = "-O";
				VALIDATE_PRODUCT = YES;
			};
			name = Release;
		};
		9FB19FFB29A3C82C00E63893 /* Debug */ = {
			isa = XCBuildConfiguration;
			buildSettings = {
				ASSETCATALOG_COMPILER_APPICON_NAME = AppIcon;
				ASSETCATALOG_COMPILER_GLOBAL_ACCENT_COLOR_NAME = AccentColor;
				CODE_SIGN_STYLE = Automatic;
				CURRENT_PROJECT_VERSION = 1;
				DEVELOPMENT_TEAM = Z85H5SVPMT;
				GENERATE_INFOPLIST_FILE = YES;
				INFOPLIST_FILE = "Weather App/Info.plist";
				INFOPLIST_KEY_UIApplicationSupportsIndirectInputEvents = YES;
				INFOPLIST_KEY_UILaunchStoryboardName = LaunchScreen;
				INFOPLIST_KEY_UIMainStoryboardFile = Main;
				INFOPLIST_KEY_UISupportedInterfaceOrientations_iPad = "UIInterfaceOrientationPortrait UIInterfaceOrientationPortraitUpsideDown UIInterfaceOrientationLandscapeLeft UIInterfaceOrientationLandscapeRight";
				INFOPLIST_KEY_UISupportedInterfaceOrientations_iPhone = "UIInterfaceOrientationPortrait UIInterfaceOrientationLandscapeLeft UIInterfaceOrientationLandscapeRight";
				LD_RUNPATH_SEARCH_PATHS = (
					"$(inherited)",
					"@executable_path/Frameworks",
				);
				MARKETING_VERSION = 1.0;
				PRODUCT_BUNDLE_IDENTIFIER = "-.Weather-App";
				PRODUCT_NAME = "$(TARGET_NAME)";
				SWIFT_EMIT_LOC_STRINGS = YES;
				SWIFT_VERSION = 5.0;
				TARGETED_DEVICE_FAMILY = "1,2";
			};
			name = Debug;
		};
		9FB19FFC29A3C82C00E63893 /* Release */ = {
			isa = XCBuildConfiguration;
			buildSettings = {
				ASSETCATALOG_COMPILER_APPICON_NAME = AppIcon;
				ASSETCATALOG_COMPILER_GLOBAL_ACCENT_COLOR_NAME = AccentColor;
				CODE_SIGN_STYLE = Automatic;
				CURRENT_PROJECT_VERSION = 1;
				DEVELOPMENT_TEAM = Z85H5SVPMT;
				GENERATE_INFOPLIST_FILE = YES;
				INFOPLIST_FILE = "Weather App/Info.plist";
				INFOPLIST_KEY_UIApplicationSupportsIndirectInputEvents = YES;
				INFOPLIST_KEY_UILaunchStoryboardName = LaunchScreen;
				INFOPLIST_KEY_UIMainStoryboardFile = Main;
				INFOPLIST_KEY_UISupportedInterfaceOrientations_iPad = "UIInterfaceOrientationPortrait UIInterfaceOrientationPortraitUpsideDown UIInterfaceOrientationLandscapeLeft UIInterfaceOrientationLandscapeRight";
				INFOPLIST_KEY_UISupportedInterfaceOrientations_iPhone = "UIInterfaceOrientationPortrait UIInterfaceOrientationLandscapeLeft UIInterfaceOrientationLandscapeRight";
				LD_RUNPATH_SEARCH_PATHS = (
					"$(inherited)",
					"@executable_path/Frameworks",
				);
				MARKETING_VERSION = 1.0;
				PRODUCT_BUNDLE_IDENTIFIER = "-.Weather-App";
				PRODUCT_NAME = "$(TARGET_NAME)";
				SWIFT_EMIT_LOC_STRINGS = YES;
				SWIFT_VERSION = 5.0;
				TARGETED_DEVICE_FAMILY = "1,2";
			};
			name = Release;
		};
/* End XCBuildConfiguration section */

/* Begin XCConfigurationList section */
		9FB19FE129A3C82A00E63893 /* Build configuration list for PBXProject "Weather App" */ = {
			isa = XCConfigurationList;
			buildConfigurations = (
				9FB19FF829A3C82C00E63893 /* Debug */,
				9FB19FF929A3C82C00E63893 /* Release */,
			);
			defaultConfigurationIsVisible = 0;
			defaultConfigurationName = Release;
		};
		9FB19FFA29A3C82C00E63893 /* Build configuration list for PBXNativeTarget "Weather App" */ = {
			isa = XCConfigurationList;
			buildConfigurations = (
				9FB19FFB29A3C82C00E63893 /* Debug */,
				9FB19FFC29A3C82C00E63893 /* Release */,
			);
			defaultConfigurationIsVisible = 0;
			defaultConfigurationName = Release;
		};
/* End XCConfigurationList section */

/* Begin XCRemoteSwiftPackageReference section */
		9FB1A00E29A3C99C00E63893 /* XCRemoteSwiftPackageReference "Kingfisher" */ = {
			isa = XCRemoteSwiftPackageReference;
			repositoryURL = "https://github.com/onevcat/Kingfisher.git";
			requirement = {
				branch = master;
				kind = branch;
			};
		};
/* End XCRemoteSwiftPackageReference section */

/* Begin XCSwiftPackageProductDependency section */
		9FB1A00F29A3C99C00E63893 /* Kingfisher */ = {
			isa = XCSwiftPackageProductDependency;
			package = 9FB1A00E29A3C99C00E63893 /* XCRemoteSwiftPackageReference "Kingfisher" */;
			productName = Kingfisher;
		};
/* End XCSwiftPackageProductDependency section */
	};
	rootObject = 9FB19FDE29A3C82A00E63893 /* Project object */;
}
